// !$*UTF8*$!
{
	archiveVersion = 1;
	classes = {
	};
	objectVersion = 48;
	objects = {

/* Begin PBXBuildFile section */
		0DDB40541FF286AE005F7777 /* BaseTabBarController.m in Sources */ = {isa = PBXBuildFile; fileRef = 0DDB40531FF286AE005F7777 /* BaseTabBarController.m */; };
		0DDB40581FF28766005F7777 /* HomeViewController.m in Sources */ = {isa = PBXBuildFile; fileRef = 0DDB40571FF28766005F7777 /* HomeViewController.m */; };
		0DDB405D1FF289F1005F7777 /* LoginViewController.m in Sources */ = {isa = PBXBuildFile; fileRef = 0DDB405C1FF289F1005F7777 /* LoginViewController.m */; };
		0DDB40611FF28B98005F7777 /* UILabel+Create.m in Sources */ = {isa = PBXBuildFile; fileRef = 0DDB40601FF28B98005F7777 /* UILabel+Create.m */; };
		0DDB40641FF28CE6005F7777 /* UIButton+Create.m in Sources */ = {isa = PBXBuildFile; fileRef = 0DDB40631FF28CE6005F7777 /* UIButton+Create.m */; };
		B9AF2EEAFCFCED214B708386 /* Pods_HomeCare.framework in Frameworks */ = {isa = PBXBuildFile; fileRef = D5AD7DA6737DA8FC6BA80D71 /* Pods_HomeCare.framework */; };
		FE5C1D261FF32311003F0122 /* BaseModel.m in Sources */ = {isa = PBXBuildFile; fileRef = FE5C1D251FF32311003F0122 /* BaseModel.m */; };
		FE5C1D291FF323E4003F0122 /* FieldErrorModel.m in Sources */ = {isa = PBXBuildFile; fileRef = FE5C1D281FF323E4003F0122 /* FieldErrorModel.m */; };
		FE5C1D331FF325DB003F0122 /* LCProgressHUD.bundle in Resources */ = {isa = PBXBuildFile; fileRef = FE5C1D2B1FF325DB003F0122 /* LCProgressHUD.bundle */; };
		FE5C1D341FF325DB003F0122 /* LCProgressHUD.m in Sources */ = {isa = PBXBuildFile; fileRef = FE5C1D2D1FF325DB003F0122 /* LCProgressHUD.m */; };
		FE5C1D351FF325DB003F0122 /* HHRefreshNormalFooter.m in Sources */ = {isa = PBXBuildFile; fileRef = FE5C1D301FF325DB003F0122 /* HHRefreshNormalFooter.m */; };
		FE5C1D361FF325DB003F0122 /* HHRefreshNormalHeader.m in Sources */ = {isa = PBXBuildFile; fileRef = FE5C1D321FF325DB003F0122 /* HHRefreshNormalHeader.m */; };
		FE5C1D3A1FF327F5003F0122 /* CNPPopupController.m in Sources */ = {isa = PBXBuildFile; fileRef = FE5C1D391FF327F5003F0122 /* CNPPopupController.m */; };
		FE5C1D3E1FF32832003F0122 /* PhotoHelper.m in Sources */ = {isa = PBXBuildFile; fileRef = FE5C1D3D1FF32832003F0122 /* PhotoHelper.m */; };
		FE5C1D5D1FF328A3003F0122 /* NSBundle+TZImagePicker.m in Sources */ = {isa = PBXBuildFile; fileRef = FE5C1D411FF328A3003F0122 /* NSBundle+TZImagePicker.m */; };
		FE5C1D5E1FF328A3003F0122 /* TZAssetCell.m in Sources */ = {isa = PBXBuildFile; fileRef = FE5C1D431FF328A3003F0122 /* TZAssetCell.m */; };
		FE5C1D5F1FF328A3003F0122 /* TZAssetModel.m in Sources */ = {isa = PBXBuildFile; fileRef = FE5C1D451FF328A3003F0122 /* TZAssetModel.m */; };
		FE5C1D601FF328A3003F0122 /* TZGifPhotoPreviewController.m in Sources */ = {isa = PBXBuildFile; fileRef = FE5C1D471FF328A3003F0122 /* TZGifPhotoPreviewController.m */; };
		FE5C1D611FF328A3003F0122 /* TZImageCropManager.m in Sources */ = {isa = PBXBuildFile; fileRef = FE5C1D491FF328A3003F0122 /* TZImageCropManager.m */; };
		FE5C1D621FF328A3003F0122 /* TZImageManager.m in Sources */ = {isa = PBXBuildFile; fileRef = FE5C1D4B1FF328A3003F0122 /* TZImageManager.m */; };
		FE5C1D631FF328A3003F0122 /* TZImagePickerController.bundle in Resources */ = {isa = PBXBuildFile; fileRef = FE5C1D4C1FF328A3003F0122 /* TZImagePickerController.bundle */; };
		FE5C1D641FF328A3003F0122 /* TZImagePickerController.m in Sources */ = {isa = PBXBuildFile; fileRef = FE5C1D4E1FF328A3003F0122 /* TZImagePickerController.m */; };
		FE5C1D651FF328A3003F0122 /* TZLocationManager.m in Sources */ = {isa = PBXBuildFile; fileRef = FE5C1D501FF328A3003F0122 /* TZLocationManager.m */; };
		FE5C1D661FF328A3003F0122 /* TZPhotoPickerController.m in Sources */ = {isa = PBXBuildFile; fileRef = FE5C1D521FF328A3003F0122 /* TZPhotoPickerController.m */; };
		FE5C1D671FF328A3003F0122 /* TZPhotoPreviewCell.m in Sources */ = {isa = PBXBuildFile; fileRef = FE5C1D541FF328A3003F0122 /* TZPhotoPreviewCell.m */; };
		FE5C1D681FF328A3003F0122 /* TZPhotoPreviewController.m in Sources */ = {isa = PBXBuildFile; fileRef = FE5C1D561FF328A3003F0122 /* TZPhotoPreviewController.m */; };
		FE5C1D691FF328A3003F0122 /* TZProgressView.m in Sources */ = {isa = PBXBuildFile; fileRef = FE5C1D581FF328A3003F0122 /* TZProgressView.m */; };
		FE5C1D6A1FF328A3003F0122 /* TZVideoPlayerController.m in Sources */ = {isa = PBXBuildFile; fileRef = FE5C1D5A1FF328A3003F0122 /* TZVideoPlayerController.m */; };
		FE5C1D6B1FF328A3003F0122 /* UIView+Layout.m in Sources */ = {isa = PBXBuildFile; fileRef = FE5C1D5C1FF328A3003F0122 /* UIView+Layout.m */; };
		FE5C1D761FF328F1003F0122 /* HHAlertController.m in Sources */ = {isa = PBXBuildFile; fileRef = FE5C1D6E1FF328F1003F0122 /* HHAlertController.m */; };
		FE5C1D771FF328F1003F0122 /* HHPopSelectView.m in Sources */ = {isa = PBXBuildFile; fileRef = FE5C1D701FF328F1003F0122 /* HHPopSelectView.m */; };
		FE5C1D791FF328F1003F0122 /* SendCodeButton.m in Sources */ = {isa = PBXBuildFile; fileRef = FE5C1D751FF328F1003F0122 /* SendCodeButton.m */; };
		FE5C1D7D1FF32AC8003F0122 /* Connect.m in Sources */ = {isa = PBXBuildFile; fileRef = FE5C1D7C1FF32AC8003F0122 /* Connect.m */; };
		FE5C1D801FF32CB8003F0122 /* HCConnect.m in Sources */ = {isa = PBXBuildFile; fileRef = FE5C1D7F1FF32CB8003F0122 /* HCConnect.m */; };
		FE5C1D841FF32F2B003F0122 /* BaseTableView.m in Sources */ = {isa = PBXBuildFile; fileRef = FE5C1D821FF32F2B003F0122 /* BaseTableView.m */; };
		FEEBBF291FF0F99200CDB40B /* AppDelegate.m in Sources */ = {isa = PBXBuildFile; fileRef = FEEBBF281FF0F99200CDB40B /* AppDelegate.m */; };
		FEEBBF2F1FF0F99200CDB40B /* Main.storyboard in Resources */ = {isa = PBXBuildFile; fileRef = FEEBBF2D1FF0F99200CDB40B /* Main.storyboard */; };
		FEEBBF311FF0F99200CDB40B /* Assets.xcassets in Resources */ = {isa = PBXBuildFile; fileRef = FEEBBF301FF0F99200CDB40B /* Assets.xcassets */; };
		FEEBBF341FF0F99200CDB40B /* LaunchScreen.storyboard in Resources */ = {isa = PBXBuildFile; fileRef = FEEBBF321FF0F99200CDB40B /* LaunchScreen.storyboard */; };
		FEEBBF371FF0F99200CDB40B /* main.m in Sources */ = {isa = PBXBuildFile; fileRef = FEEBBF361FF0F99200CDB40B /* main.m */; };
		FEEBBF521FF0FD0900CDB40B /* UIColor+App.m in Sources */ = {isa = PBXBuildFile; fileRef = FEEBBF491FF0FD0900CDB40B /* UIColor+App.m */; };
		FEEBBF531FF0FD0900CDB40B /* NSArray+Dlog.m in Sources */ = {isa = PBXBuildFile; fileRef = FEEBBF4B1FF0FD0900CDB40B /* NSArray+Dlog.m */; };
		FEEBBF541FF0FD0900CDB40B /* UIButton+ImageTitleSpacing.m in Sources */ = {isa = PBXBuildFile; fileRef = FEEBBF4D1FF0FD0900CDB40B /* UIButton+ImageTitleSpacing.m */; };
		FEEBBF551FF0FD0900CDB40B /* UIImage+fixOrientation.m in Sources */ = {isa = PBXBuildFile; fileRef = FEEBBF4F1FF0FD0900CDB40B /* UIImage+fixOrientation.m */; };
		FEEBBF561FF0FD0900CDB40B /* UIView+Extension.m in Sources */ = {isa = PBXBuildFile; fileRef = FEEBBF511FF0FD0900CDB40B /* UIView+Extension.m */; };
		FEEBBF5C1FF0FD4500CDB40B /* ToolsHelper.m in Sources */ = {isa = PBXBuildFile; fileRef = FEEBBF591FF0FD4500CDB40B /* ToolsHelper.m */; };
		FEEBBF5D1FF0FD4500CDB40B /* UserHelper.m in Sources */ = {isa = PBXBuildFile; fileRef = FEEBBF5B1FF0FD4500CDB40B /* UserHelper.m */; };
		FEEBBF691FF0FE6100CDB40B /* BaseWebViewController.m in Sources */ = {isa = PBXBuildFile; fileRef = FEEBBF641FF0FE6000CDB40B /* BaseWebViewController.m */; };
		FEEBBF6A1FF0FE6100CDB40B /* BaseNavigationController.m in Sources */ = {isa = PBXBuildFile; fileRef = FEEBBF671FF0FE6100CDB40B /* BaseNavigationController.m */; };
/* End PBXBuildFile section */

/* Begin PBXFileReference section */
		0DDB40521FF286AE005F7777 /* BaseTabBarController.h */ = {isa = PBXFileReference; lastKnownFileType = sourcecode.c.h; path = BaseTabBarController.h; sourceTree = "<group>"; };
		0DDB40531FF286AE005F7777 /* BaseTabBarController.m */ = {isa = PBXFileReference; lastKnownFileType = sourcecode.c.objc; path = BaseTabBarController.m; sourceTree = "<group>"; };
		0DDB40561FF28766005F7777 /* HomeViewController.h */ = {isa = PBXFileReference; lastKnownFileType = sourcecode.c.h; path = HomeViewController.h; sourceTree = "<group>"; };
		0DDB40571FF28766005F7777 /* HomeViewController.m */ = {isa = PBXFileReference; lastKnownFileType = sourcecode.c.objc; path = HomeViewController.m; sourceTree = "<group>"; };
		0DDB405B1FF289F1005F7777 /* LoginViewController.h */ = {isa = PBXFileReference; lastKnownFileType = sourcecode.c.h; path = LoginViewController.h; sourceTree = "<group>"; };
		0DDB405C1FF289F1005F7777 /* LoginViewController.m */ = {isa = PBXFileReference; lastKnownFileType = sourcecode.c.objc; path = LoginViewController.m; sourceTree = "<group>"; };
		0DDB405F1FF28B98005F7777 /* UILabel+Create.h */ = {isa = PBXFileReference; lastKnownFileType = sourcecode.c.h; path = "UILabel+Create.h"; sourceTree = "<group>"; };
		0DDB40601FF28B98005F7777 /* UILabel+Create.m */ = {isa = PBXFileReference; lastKnownFileType = sourcecode.c.objc; path = "UILabel+Create.m"; sourceTree = "<group>"; };
		0DDB40621FF28CE6005F7777 /* UIButton+Create.h */ = {isa = PBXFileReference; lastKnownFileType = sourcecode.c.h; path = "UIButton+Create.h"; sourceTree = "<group>"; };
		0DDB40631FF28CE6005F7777 /* UIButton+Create.m */ = {isa = PBXFileReference; lastKnownFileType = sourcecode.c.objc; path = "UIButton+Create.m"; sourceTree = "<group>"; };
		4F19C2D54C000490F359452A /* Pods-HomeCare.debug.xcconfig */ = {isa = PBXFileReference; includeInIndex = 1; lastKnownFileType = text.xcconfig; name = "Pods-HomeCare.debug.xcconfig"; path = "Pods/Target Support Files/Pods-HomeCare/Pods-HomeCare.debug.xcconfig"; sourceTree = "<group>"; };
		884AE2D7150F8B0A386660D4 /* Pods-HomeCare.release.xcconfig */ = {isa = PBXFileReference; includeInIndex = 1; lastKnownFileType = text.xcconfig; name = "Pods-HomeCare.release.xcconfig"; path = "Pods/Target Support Files/Pods-HomeCare/Pods-HomeCare.release.xcconfig"; sourceTree = "<group>"; };
		D5AD7DA6737DA8FC6BA80D71 /* Pods_HomeCare.framework */ = {isa = PBXFileReference; explicitFileType = wrapper.framework; includeInIndex = 0; path = Pods_HomeCare.framework; sourceTree = BUILT_PRODUCTS_DIR; };
		FE5C1D241FF32311003F0122 /* BaseModel.h */ = {isa = PBXFileReference; lastKnownFileType = sourcecode.c.h; path = BaseModel.h; sourceTree = "<group>"; };
		FE5C1D251FF32311003F0122 /* BaseModel.m */ = {isa = PBXFileReference; lastKnownFileType = sourcecode.c.objc; path = BaseModel.m; sourceTree = "<group>"; };
		FE5C1D271FF323E4003F0122 /* FieldErrorModel.h */ = {isa = PBXFileReference; lastKnownFileType = sourcecode.c.h; path = FieldErrorModel.h; sourceTree = "<group>"; };
		FE5C1D281FF323E4003F0122 /* FieldErrorModel.m */ = {isa = PBXFileReference; lastKnownFileType = sourcecode.c.objc; path = FieldErrorModel.m; sourceTree = "<group>"; };
		FE5C1D2B1FF325DB003F0122 /* LCProgressHUD.bundle */ = {isa = PBXFileReference; lastKnownFileType = "wrapper.plug-in"; path = LCProgressHUD.bundle; sourceTree = "<group>"; };
		FE5C1D2C1FF325DB003F0122 /* LCProgressHUD.h */ = {isa = PBXFileReference; fileEncoding = 4; lastKnownFileType = sourcecode.c.h; path = LCProgressHUD.h; sourceTree = "<group>"; };
		FE5C1D2D1FF325DB003F0122 /* LCProgressHUD.m */ = {isa = PBXFileReference; fileEncoding = 4; lastKnownFileType = sourcecode.c.objc; path = LCProgressHUD.m; sourceTree = "<group>"; };
		FE5C1D2F1FF325DB003F0122 /* HHRefreshNormalFooter.h */ = {isa = PBXFileReference; fileEncoding = 4; lastKnownFileType = sourcecode.c.h; path = HHRefreshNormalFooter.h; sourceTree = "<group>"; };
		FE5C1D301FF325DB003F0122 /* HHRefreshNormalFooter.m */ = {isa = PBXFileReference; fileEncoding = 4; lastKnownFileType = sourcecode.c.objc; path = HHRefreshNormalFooter.m; sourceTree = "<group>"; };
		FE5C1D311FF325DB003F0122 /* HHRefreshNormalHeader.h */ = {isa = PBXFileReference; fileEncoding = 4; lastKnownFileType = sourcecode.c.h; path = HHRefreshNormalHeader.h; sourceTree = "<group>"; };
		FE5C1D321FF325DB003F0122 /* HHRefreshNormalHeader.m */ = {isa = PBXFileReference; fileEncoding = 4; lastKnownFileType = sourcecode.c.objc; path = HHRefreshNormalHeader.m; sourceTree = "<group>"; };
		FE5C1D381FF327F5003F0122 /* CNPPopupController.h */ = {isa = PBXFileReference; fileEncoding = 4; lastKnownFileType = sourcecode.c.h; path = CNPPopupController.h; sourceTree = "<group>"; };
		FE5C1D391FF327F5003F0122 /* CNPPopupController.m */ = {isa = PBXFileReference; fileEncoding = 4; lastKnownFileType = sourcecode.c.objc; path = CNPPopupController.m; sourceTree = "<group>"; };
		FE5C1D3C1FF32832003F0122 /* PhotoHelper.h */ = {isa = PBXFileReference; fileEncoding = 4; lastKnownFileType = sourcecode.c.h; path = PhotoHelper.h; sourceTree = "<group>"; };
		FE5C1D3D1FF32832003F0122 /* PhotoHelper.m */ = {isa = PBXFileReference; fileEncoding = 4; lastKnownFileType = sourcecode.c.objc; path = PhotoHelper.m; sourceTree = "<group>"; };
		FE5C1D401FF328A3003F0122 /* NSBundle+TZImagePicker.h */ = {isa = PBXFileReference; fileEncoding = 4; lastKnownFileType = sourcecode.c.h; path = "NSBundle+TZImagePicker.h"; sourceTree = "<group>"; };
		FE5C1D411FF328A3003F0122 /* NSBundle+TZImagePicker.m */ = {isa = PBXFileReference; fileEncoding = 4; lastKnownFileType = sourcecode.c.objc; path = "NSBundle+TZImagePicker.m"; sourceTree = "<group>"; };
		FE5C1D421FF328A3003F0122 /* TZAssetCell.h */ = {isa = PBXFileReference; fileEncoding = 4; lastKnownFileType = sourcecode.c.h; path = TZAssetCell.h; sourceTree = "<group>"; };
		FE5C1D431FF328A3003F0122 /* TZAssetCell.m */ = {isa = PBXFileReference; fileEncoding = 4; lastKnownFileType = sourcecode.c.objc; path = TZAssetCell.m; sourceTree = "<group>"; };
		FE5C1D441FF328A3003F0122 /* TZAssetModel.h */ = {isa = PBXFileReference; fileEncoding = 4; lastKnownFileType = sourcecode.c.h; path = TZAssetModel.h; sourceTree = "<group>"; };
		FE5C1D451FF328A3003F0122 /* TZAssetModel.m */ = {isa = PBXFileReference; fileEncoding = 4; lastKnownFileType = sourcecode.c.objc; path = TZAssetModel.m; sourceTree = "<group>"; };
		FE5C1D461FF328A3003F0122 /* TZGifPhotoPreviewController.h */ = {isa = PBXFileReference; fileEncoding = 4; lastKnownFileType = sourcecode.c.h; path = TZGifPhotoPreviewController.h; sourceTree = "<group>"; };
		FE5C1D471FF328A3003F0122 /* TZGifPhotoPreviewController.m */ = {isa = PBXFileReference; fileEncoding = 4; lastKnownFileType = sourcecode.c.objc; path = TZGifPhotoPreviewController.m; sourceTree = "<group>"; };
		FE5C1D481FF328A3003F0122 /* TZImageCropManager.h */ = {isa = PBXFileReference; fileEncoding = 4; lastKnownFileType = sourcecode.c.h; path = TZImageCropManager.h; sourceTree = "<group>"; };
		FE5C1D491FF328A3003F0122 /* TZImageCropManager.m */ = {isa = PBXFileReference; fileEncoding = 4; lastKnownFileType = sourcecode.c.objc; path = TZImageCropManager.m; sourceTree = "<group>"; };
		FE5C1D4A1FF328A3003F0122 /* TZImageManager.h */ = {isa = PBXFileReference; fileEncoding = 4; lastKnownFileType = sourcecode.c.h; path = TZImageManager.h; sourceTree = "<group>"; };
		FE5C1D4B1FF328A3003F0122 /* TZImageManager.m */ = {isa = PBXFileReference; fileEncoding = 4; lastKnownFileType = sourcecode.c.objc; path = TZImageManager.m; sourceTree = "<group>"; };
		FE5C1D4C1FF328A3003F0122 /* TZImagePickerController.bundle */ = {isa = PBXFileReference; lastKnownFileType = "wrapper.plug-in"; path = TZImagePickerController.bundle; sourceTree = "<group>"; };
		FE5C1D4D1FF328A3003F0122 /* TZImagePickerController.h */ = {isa = PBXFileReference; fileEncoding = 4; lastKnownFileType = sourcecode.c.h; path = TZImagePickerController.h; sourceTree = "<group>"; };
		FE5C1D4E1FF328A3003F0122 /* TZImagePickerController.m */ = {isa = PBXFileReference; fileEncoding = 4; lastKnownFileType = sourcecode.c.objc; path = TZImagePickerController.m; sourceTree = "<group>"; };
		FE5C1D4F1FF328A3003F0122 /* TZLocationManager.h */ = {isa = PBXFileReference; fileEncoding = 4; lastKnownFileType = sourcecode.c.h; path = TZLocationManager.h; sourceTree = "<group>"; };
		FE5C1D501FF328A3003F0122 /* TZLocationManager.m */ = {isa = PBXFileReference; fileEncoding = 4; lastKnownFileType = sourcecode.c.objc; path = TZLocationManager.m; sourceTree = "<group>"; };
		FE5C1D511FF328A3003F0122 /* TZPhotoPickerController.h */ = {isa = PBXFileReference; fileEncoding = 4; lastKnownFileType = sourcecode.c.h; path = TZPhotoPickerController.h; sourceTree = "<group>"; };
		FE5C1D521FF328A3003F0122 /* TZPhotoPickerController.m */ = {isa = PBXFileReference; fileEncoding = 4; lastKnownFileType = sourcecode.c.objc; path = TZPhotoPickerController.m; sourceTree = "<group>"; };
		FE5C1D531FF328A3003F0122 /* TZPhotoPreviewCell.h */ = {isa = PBXFileReference; fileEncoding = 4; lastKnownFileType = sourcecode.c.h; path = TZPhotoPreviewCell.h; sourceTree = "<group>"; };
		FE5C1D541FF328A3003F0122 /* TZPhotoPreviewCell.m */ = {isa = PBXFileReference; fileEncoding = 4; lastKnownFileType = sourcecode.c.objc; path = TZPhotoPreviewCell.m; sourceTree = "<group>"; };
		FE5C1D551FF328A3003F0122 /* TZPhotoPreviewController.h */ = {isa = PBXFileReference; fileEncoding = 4; lastKnownFileType = sourcecode.c.h; path = TZPhotoPreviewController.h; sourceTree = "<group>"; };
		FE5C1D561FF328A3003F0122 /* TZPhotoPreviewController.m */ = {isa = PBXFileReference; fileEncoding = 4; lastKnownFileType = sourcecode.c.objc; path = TZPhotoPreviewController.m; sourceTree = "<group>"; };
		FE5C1D571FF328A3003F0122 /* TZProgressView.h */ = {isa = PBXFileReference; fileEncoding = 4; lastKnownFileType = sourcecode.c.h; path = TZProgressView.h; sourceTree = "<group>"; };
		FE5C1D581FF328A3003F0122 /* TZProgressView.m */ = {isa = PBXFileReference; fileEncoding = 4; lastKnownFileType = sourcecode.c.objc; path = TZProgressView.m; sourceTree = "<group>"; };
		FE5C1D591FF328A3003F0122 /* TZVideoPlayerController.h */ = {isa = PBXFileReference; fileEncoding = 4; lastKnownFileType = sourcecode.c.h; path = TZVideoPlayerController.h; sourceTree = "<group>"; };
		FE5C1D5A1FF328A3003F0122 /* TZVideoPlayerController.m */ = {isa = PBXFileReference; fileEncoding = 4; lastKnownFileType = sourcecode.c.objc; path = TZVideoPlayerController.m; sourceTree = "<group>"; };
		FE5C1D5B1FF328A3003F0122 /* UIView+Layout.h */ = {isa = PBXFileReference; fileEncoding = 4; lastKnownFileType = sourcecode.c.h; path = "UIView+Layout.h"; sourceTree = "<group>"; };
		FE5C1D5C1FF328A3003F0122 /* UIView+Layout.m */ = {isa = PBXFileReference; fileEncoding = 4; lastKnownFileType = sourcecode.c.objc; path = "UIView+Layout.m"; sourceTree = "<group>"; };
		FE5C1D6D1FF328F1003F0122 /* HHAlertController.h */ = {isa = PBXFileReference; fileEncoding = 4; lastKnownFileType = sourcecode.c.h; path = HHAlertController.h; sourceTree = "<group>"; };
		FE5C1D6E1FF328F1003F0122 /* HHAlertController.m */ = {isa = PBXFileReference; fileEncoding = 4; lastKnownFileType = sourcecode.c.objc; path = HHAlertController.m; sourceTree = "<group>"; };
		FE5C1D6F1FF328F1003F0122 /* HHPopSelectView.h */ = {isa = PBXFileReference; fileEncoding = 4; lastKnownFileType = sourcecode.c.h; path = HHPopSelectView.h; sourceTree = "<group>"; };
		FE5C1D701FF328F1003F0122 /* HHPopSelectView.m */ = {isa = PBXFileReference; fileEncoding = 4; lastKnownFileType = sourcecode.c.objc; path = HHPopSelectView.m; sourceTree = "<group>"; };
		FE5C1D741FF328F1003F0122 /* SendCodeButton.h */ = {isa = PBXFileReference; fileEncoding = 4; lastKnownFileType = sourcecode.c.h; path = SendCodeButton.h; sourceTree = "<group>"; };
		FE5C1D751FF328F1003F0122 /* SendCodeButton.m */ = {isa = PBXFileReference; fileEncoding = 4; lastKnownFileType = sourcecode.c.objc; path = SendCodeButton.m; sourceTree = "<group>"; };
		FE5C1D7B1FF32AC8003F0122 /* Connect.h */ = {isa = PBXFileReference; fileEncoding = 4; lastKnownFileType = sourcecode.c.h; path = Connect.h; sourceTree = "<group>"; };
		FE5C1D7C1FF32AC8003F0122 /* Connect.m */ = {isa = PBXFileReference; fileEncoding = 4; lastKnownFileType = sourcecode.c.objc; path = Connect.m; sourceTree = "<group>"; };
		FE5C1D7E1FF32CB8003F0122 /* HCConnect.h */ = {isa = PBXFileReference; lastKnownFileType = sourcecode.c.h; path = HCConnect.h; sourceTree = "<group>"; };
		FE5C1D7F1FF32CB8003F0122 /* HCConnect.m */ = {isa = PBXFileReference; lastKnownFileType = sourcecode.c.objc; path = HCConnect.m; sourceTree = "<group>"; };
		FE5C1D821FF32F2B003F0122 /* BaseTableView.m */ = {isa = PBXFileReference; fileEncoding = 4; lastKnownFileType = sourcecode.c.objc; path = BaseTableView.m; sourceTree = "<group>"; };
		FE5C1D831FF32F2B003F0122 /* BaseTableView.h */ = {isa = PBXFileReference; fileEncoding = 4; lastKnownFileType = sourcecode.c.h; path = BaseTableView.h; sourceTree = "<group>"; };
		FEEBBF241FF0F99200CDB40B /* HomeCare.app */ = {isa = PBXFileReference; explicitFileType = wrapper.application; includeInIndex = 0; path = HomeCare.app; sourceTree = BUILT_PRODUCTS_DIR; };
		FEEBBF271FF0F99200CDB40B /* AppDelegate.h */ = {isa = PBXFileReference; lastKnownFileType = sourcecode.c.h; path = AppDelegate.h; sourceTree = "<group>"; };
		FEEBBF281FF0F99200CDB40B /* AppDelegate.m */ = {isa = PBXFileReference; lastKnownFileType = sourcecode.c.objc; path = AppDelegate.m; sourceTree = "<group>"; };
		FEEBBF2E1FF0F99200CDB40B /* Base */ = {isa = PBXFileReference; lastKnownFileType = file.storyboard; name = Base; path = Base.lproj/Main.storyboard; sourceTree = "<group>"; };
		FEEBBF301FF0F99200CDB40B /* Assets.xcassets */ = {isa = PBXFileReference; lastKnownFileType = folder.assetcatalog; path = Assets.xcassets; sourceTree = "<group>"; };
		FEEBBF331FF0F99200CDB40B /* Base */ = {isa = PBXFileReference; lastKnownFileType = file.storyboard; name = Base; path = Base.lproj/LaunchScreen.storyboard; sourceTree = "<group>"; };
		FEEBBF351FF0F99200CDB40B /* Info.plist */ = {isa = PBXFileReference; lastKnownFileType = text.plist.xml; path = Info.plist; sourceTree = "<group>"; };
		FEEBBF361FF0F99200CDB40B /* main.m */ = {isa = PBXFileReference; lastKnownFileType = sourcecode.c.objc; path = main.m; sourceTree = "<group>"; };
		FEEBBF441FF0FBE100CDB40B /* PrefixHeader.pch */ = {isa = PBXFileReference; lastKnownFileType = sourcecode.c.h; path = PrefixHeader.pch; sourceTree = "<group>"; };
		FEEBBF481FF0FD0900CDB40B /* UIColor+App.h */ = {isa = PBXFileReference; fileEncoding = 4; lastKnownFileType = sourcecode.c.h; path = "UIColor+App.h"; sourceTree = "<group>"; };
		FEEBBF491FF0FD0900CDB40B /* UIColor+App.m */ = {isa = PBXFileReference; fileEncoding = 4; lastKnownFileType = sourcecode.c.objc; path = "UIColor+App.m"; sourceTree = "<group>"; };
		FEEBBF4A1FF0FD0900CDB40B /* NSArray+Dlog.h */ = {isa = PBXFileReference; fileEncoding = 4; lastKnownFileType = sourcecode.c.h; path = "NSArray+Dlog.h"; sourceTree = "<group>"; };
		FEEBBF4B1FF0FD0900CDB40B /* NSArray+Dlog.m */ = {isa = PBXFileReference; fileEncoding = 4; lastKnownFileType = sourcecode.c.objc; path = "NSArray+Dlog.m"; sourceTree = "<group>"; };
		FEEBBF4C1FF0FD0900CDB40B /* UIButton+ImageTitleSpacing.h */ = {isa = PBXFileReference; fileEncoding = 4; lastKnownFileType = sourcecode.c.h; path = "UIButton+ImageTitleSpacing.h"; sourceTree = "<group>"; };
		FEEBBF4D1FF0FD0900CDB40B /* UIButton+ImageTitleSpacing.m */ = {isa = PBXFileReference; fileEncoding = 4; lastKnownFileType = sourcecode.c.objc; path = "UIButton+ImageTitleSpacing.m"; sourceTree = "<group>"; };
		FEEBBF4E1FF0FD0900CDB40B /* UIImage+fixOrientation.h */ = {isa = PBXFileReference; fileEncoding = 4; lastKnownFileType = sourcecode.c.h; path = "UIImage+fixOrientation.h"; sourceTree = "<group>"; };
		FEEBBF4F1FF0FD0900CDB40B /* UIImage+fixOrientation.m */ = {isa = PBXFileReference; fileEncoding = 4; lastKnownFileType = sourcecode.c.objc; path = "UIImage+fixOrientation.m"; sourceTree = "<group>"; };
		FEEBBF501FF0FD0900CDB40B /* UIView+Extension.h */ = {isa = PBXFileReference; fileEncoding = 4; lastKnownFileType = sourcecode.c.h; path = "UIView+Extension.h"; sourceTree = "<group>"; };
		FEEBBF511FF0FD0900CDB40B /* UIView+Extension.m */ = {isa = PBXFileReference; fileEncoding = 4; lastKnownFileType = sourcecode.c.objc; path = "UIView+Extension.m"; sourceTree = "<group>"; };
		FEEBBF581FF0FD4500CDB40B /* ToolsHelper.h */ = {isa = PBXFileReference; fileEncoding = 4; lastKnownFileType = sourcecode.c.h; path = ToolsHelper.h; sourceTree = "<group>"; };
		FEEBBF591FF0FD4500CDB40B /* ToolsHelper.m */ = {isa = PBXFileReference; fileEncoding = 4; lastKnownFileType = sourcecode.c.objc; path = ToolsHelper.m; sourceTree = "<group>"; };
		FEEBBF5A1FF0FD4500CDB40B /* UserHelper.h */ = {isa = PBXFileReference; fileEncoding = 4; lastKnownFileType = sourcecode.c.h; path = UserHelper.h; sourceTree = "<group>"; };
		FEEBBF5B1FF0FD4500CDB40B /* UserHelper.m */ = {isa = PBXFileReference; fileEncoding = 4; lastKnownFileType = sourcecode.c.objc; path = UserHelper.m; sourceTree = "<group>"; };
		FEEBBF5F1FF0FD5D00CDB40B /* CommomMaro.h */ = {isa = PBXFileReference; fileEncoding = 4; lastKnownFileType = sourcecode.c.h; path = CommomMaro.h; sourceTree = "<group>"; };
		FEEBBF601FF0FD5D00CDB40B /* GlobalDefine.h */ = {isa = PBXFileReference; fileEncoding = 4; lastKnownFileType = sourcecode.c.h; path = GlobalDefine.h; sourceTree = "<group>"; };
		FEEBBF611FF0FD5D00CDB40B /* NetUrlMacro.h */ = {isa = PBXFileReference; fileEncoding = 4; lastKnownFileType = sourcecode.c.h; path = NetUrlMacro.h; sourceTree = "<group>"; };
		FEEBBF631FF0FE6000CDB40B /* BaseWebViewController.h */ = {isa = PBXFileReference; fileEncoding = 4; lastKnownFileType = sourcecode.c.h; path = BaseWebViewController.h; sourceTree = "<group>"; };
		FEEBBF641FF0FE6000CDB40B /* BaseWebViewController.m */ = {isa = PBXFileReference; fileEncoding = 4; lastKnownFileType = sourcecode.c.objc; path = BaseWebViewController.m; sourceTree = "<group>"; };
		FEEBBF651FF0FE6000CDB40B /* BaseNavigationController.h */ = {isa = PBXFileReference; fileEncoding = 4; lastKnownFileType = sourcecode.c.h; path = BaseNavigationController.h; sourceTree = "<group>"; };
		FEEBBF671FF0FE6100CDB40B /* BaseNavigationController.m */ = {isa = PBXFileReference; fileEncoding = 4; lastKnownFileType = sourcecode.c.objc; path = BaseNavigationController.m; sourceTree = "<group>"; };
/* End PBXFileReference section */

/* Begin PBXFrameworksBuildPhase section */
		FEEBBF211FF0F99200CDB40B /* Frameworks */ = {
			isa = PBXFrameworksBuildPhase;
			buildActionMask = 2147483647;
			files = (
				B9AF2EEAFCFCED214B708386 /* Pods_HomeCare.framework in Frameworks */,
			);
			runOnlyForDeploymentPostprocessing = 0;
		};
/* End PBXFrameworksBuildPhase section */

/* Begin PBXGroup section */
		0DDB40511FF28626005F7777 /* ThirdPart */ = {
			isa = PBXGroup;
			children = (
				FE5C1D3F1FF328A3003F0122 /* TZImagePickerController */,
				FE5C1D371FF327F5003F0122 /* CNPPopupController */,
				FE5C1D2E1FF325DB003F0122 /* HHMJRefresh */,
				FE5C1D2A1FF325DB003F0122 /* LCProgressHUD */,
			);
			path = ThirdPart;
			sourceTree = "<group>";
		};
		0DDB40551FF28755005F7777 /* Home */ = {
			isa = PBXGroup;
			children = (
				0DDB40561FF28766005F7777 /* HomeViewController.h */,
				0DDB40571FF28766005F7777 /* HomeViewController.m */,
			);
			path = Home;
			sourceTree = "<group>";
		};
		0DDB405A1FF289E1005F7777 /* Login */ = {
			isa = PBXGroup;
			children = (
				0DDB405B1FF289F1005F7777 /* LoginViewController.h */,
				0DDB405C1FF289F1005F7777 /* LoginViewController.m */,
			);
			path = Login;
			sourceTree = "<group>";
		};
		0DDB405E1FF28B7A005F7777 /* UIKitCategory */ = {
			isa = PBXGroup;
			children = (
				0DDB405F1FF28B98005F7777 /* UILabel+Create.h */,
				0DDB40601FF28B98005F7777 /* UILabel+Create.m */,
				0DDB40621FF28CE6005F7777 /* UIButton+Create.h */,
				0DDB40631FF28CE6005F7777 /* UIButton+Create.m */,
			);
			path = UIKitCategory;
			sourceTree = "<group>";
		};
		3978FD5844122243C4A748D7 /* Frameworks */ = {
			isa = PBXGroup;
			children = (
				D5AD7DA6737DA8FC6BA80D71 /* Pods_HomeCare.framework */,
			);
			name = Frameworks;
			sourceTree = "<group>";
		};
		ED97DD2A5E1B3CF87BB5DD3C /* Pods */ = {
			isa = PBXGroup;
			children = (
				4F19C2D54C000490F359452A /* Pods-HomeCare.debug.xcconfig */,
				884AE2D7150F8B0A386660D4 /* Pods-HomeCare.release.xcconfig */,
			);
			name = Pods;
			sourceTree = "<group>";
		};
		FE5C1D231FF32284003F0122 /* BaseModel */ = {
			isa = PBXGroup;
			children = (
				FE5C1D241FF32311003F0122 /* BaseModel.h */,
				FE5C1D251FF32311003F0122 /* BaseModel.m */,
				FE5C1D271FF323E4003F0122 /* FieldErrorModel.h */,
				FE5C1D281FF323E4003F0122 /* FieldErrorModel.m */,
			);
			path = BaseModel;
			sourceTree = "<group>";
		};
		FE5C1D2A1FF325DB003F0122 /* LCProgressHUD */ = {
			isa = PBXGroup;
			children = (
				FE5C1D2B1FF325DB003F0122 /* LCProgressHUD.bundle */,
				FE5C1D2C1FF325DB003F0122 /* LCProgressHUD.h */,
				FE5C1D2D1FF325DB003F0122 /* LCProgressHUD.m */,
			);
			path = LCProgressHUD;
			sourceTree = "<group>";
		};
		FE5C1D2E1FF325DB003F0122 /* HHMJRefresh */ = {
			isa = PBXGroup;
			children = (
				FE5C1D2F1FF325DB003F0122 /* HHRefreshNormalFooter.h */,
				FE5C1D301FF325DB003F0122 /* HHRefreshNormalFooter.m */,
				FE5C1D311FF325DB003F0122 /* HHRefreshNormalHeader.h */,
				FE5C1D321FF325DB003F0122 /* HHRefreshNormalHeader.m */,
			);
			path = HHMJRefresh;
			sourceTree = "<group>";
		};
		FE5C1D371FF327F5003F0122 /* CNPPopupController */ = {
			isa = PBXGroup;
			children = (
				FE5C1D381FF327F5003F0122 /* CNPPopupController.h */,
				FE5C1D391FF327F5003F0122 /* CNPPopupController.m */,
			);
			path = CNPPopupController;
			sourceTree = "<group>";
		};
		FE5C1D3B1FF32832003F0122 /* Photo */ = {
			isa = PBXGroup;
			children = (
				FE5C1D3C1FF32832003F0122 /* PhotoHelper.h */,
				FE5C1D3D1FF32832003F0122 /* PhotoHelper.m */,
			);
			path = Photo;
			sourceTree = "<group>";
		};
		FE5C1D3F1FF328A3003F0122 /* TZImagePickerController */ = {
			isa = PBXGroup;
			children = (
				FE5C1D401FF328A3003F0122 /* NSBundle+TZImagePicker.h */,
				FE5C1D411FF328A3003F0122 /* NSBundle+TZImagePicker.m */,
				FE5C1D421FF328A3003F0122 /* TZAssetCell.h */,
				FE5C1D431FF328A3003F0122 /* TZAssetCell.m */,
				FE5C1D441FF328A3003F0122 /* TZAssetModel.h */,
				FE5C1D451FF328A3003F0122 /* TZAssetModel.m */,
				FE5C1D461FF328A3003F0122 /* TZGifPhotoPreviewController.h */,
				FE5C1D471FF328A3003F0122 /* TZGifPhotoPreviewController.m */,
				FE5C1D481FF328A3003F0122 /* TZImageCropManager.h */,
				FE5C1D491FF328A3003F0122 /* TZImageCropManager.m */,
				FE5C1D4A1FF328A3003F0122 /* TZImageManager.h */,
				FE5C1D4B1FF328A3003F0122 /* TZImageManager.m */,
				FE5C1D4C1FF328A3003F0122 /* TZImagePickerController.bundle */,
				FE5C1D4D1FF328A3003F0122 /* TZImagePickerController.h */,
				FE5C1D4E1FF328A3003F0122 /* TZImagePickerController.m */,
				FE5C1D4F1FF328A3003F0122 /* TZLocationManager.h */,
				FE5C1D501FF328A3003F0122 /* TZLocationManager.m */,
				FE5C1D511FF328A3003F0122 /* TZPhotoPickerController.h */,
				FE5C1D521FF328A3003F0122 /* TZPhotoPickerController.m */,
				FE5C1D531FF328A3003F0122 /* TZPhotoPreviewCell.h */,
				FE5C1D541FF328A3003F0122 /* TZPhotoPreviewCell.m */,
				FE5C1D551FF328A3003F0122 /* TZPhotoPreviewController.h */,
				FE5C1D561FF328A3003F0122 /* TZPhotoPreviewController.m */,
				FE5C1D571FF328A3003F0122 /* TZProgressView.h */,
				FE5C1D581FF328A3003F0122 /* TZProgressView.m */,
				FE5C1D591FF328A3003F0122 /* TZVideoPlayerController.h */,
				FE5C1D5A1FF328A3003F0122 /* TZVideoPlayerController.m */,
				FE5C1D5B1FF328A3003F0122 /* UIView+Layout.h */,
				FE5C1D5C1FF328A3003F0122 /* UIView+Layout.m */,
			);
			path = TZImagePickerController;
			sourceTree = "<group>";
		};
		FE5C1D6C1FF328F1003F0122 /* MineWidget */ = {
			isa = PBXGroup;
			children = (
				FE5C1D6D1FF328F1003F0122 /* HHAlertController.h */,
				FE5C1D6E1FF328F1003F0122 /* HHAlertController.m */,
				FE5C1D6F1FF328F1003F0122 /* HHPopSelectView.h */,
				FE5C1D701FF328F1003F0122 /* HHPopSelectView.m */,
				FE5C1D741FF328F1003F0122 /* SendCodeButton.h */,
				FE5C1D751FF328F1003F0122 /* SendCodeButton.m */,
			);
			path = MineWidget;
			sourceTree = "<group>";
		};
		FE5C1D7A1FF32ABA003F0122 /* Net */ = {
			isa = PBXGroup;
			children = (
				FE5C1D7B1FF32AC8003F0122 /* Connect.h */,
				FE5C1D7C1FF32AC8003F0122 /* Connect.m */,
				FE5C1D7E1FF32CB8003F0122 /* HCConnect.h */,
				FE5C1D7F1FF32CB8003F0122 /* HCConnect.m */,
			);
			path = Net;
			sourceTree = "<group>";
		};
		FE5C1D811FF32F19003F0122 /* BaseView */ = {
			isa = PBXGroup;
			children = (
				FE5C1D831FF32F2B003F0122 /* BaseTableView.h */,
				FE5C1D821FF32F2B003F0122 /* BaseTableView.m */,
			);
			path = BaseView;
			sourceTree = "<group>";
		};
		FEEBBF1B1FF0F99200CDB40B = {
			isa = PBXGroup;
			children = (
				FEEBBF261FF0F99200CDB40B /* HomeCare */,
				FEEBBF251FF0F99200CDB40B /* Products */,
				ED97DD2A5E1B3CF87BB5DD3C /* Pods */,
				3978FD5844122243C4A748D7 /* Frameworks */,
			);
			sourceTree = "<group>";
		};
		FEEBBF251FF0F99200CDB40B /* Products */ = {
			isa = PBXGroup;
			children = (
				FEEBBF241FF0F99200CDB40B /* HomeCare.app */,
			);
			name = Products;
			sourceTree = "<group>";
		};
		FEEBBF261FF0F99200CDB40B /* HomeCare */ = {
			isa = PBXGroup;
			children = (
				FEEBBF3D1FF0F9B300CDB40B /* AppDelegate */,
				FEEBBF3E1FF0F9C500CDB40B /* MainClass */,
				FEEBBF411FF0F9F100CDB40B /* Public */,
				FEEBBF451FF0FCFB00CDB40B /* Utils */,
				0DDB40511FF28626005F7777 /* ThirdPart */,
				FEEBBF431FF0FA0C00CDB40B /* Resources */,
				FEEBBF421FF0F9FB00CDB40B /* AppFiles */,
			);
			path = HomeCare;
			sourceTree = "<group>";
		};
		FEEBBF3D1FF0F9B300CDB40B /* AppDelegate */ = {
			isa = PBXGroup;
			children = (
				FEEBBF271FF0F99200CDB40B /* AppDelegate.h */,
				FEEBBF281FF0F99200CDB40B /* AppDelegate.m */,
			);
			path = AppDelegate;
			sourceTree = "<group>";
		};
		FEEBBF3E1FF0F9C500CDB40B /* MainClass */ = {
			isa = PBXGroup;
			children = (
				FEEBBF3F1FF0F9D100CDB40B /* Base */,
				0DDB40551FF28755005F7777 /* Home */,
				0DDB405A1FF289E1005F7777 /* Login */,
			);
			path = MainClass;
			sourceTree = "<group>";
		};
		FEEBBF3F1FF0F9D100CDB40B /* Base */ = {
			isa = PBXGroup;
			children = (
				FE5C1D811FF32F19003F0122 /* BaseView */,
				FE5C1D231FF32284003F0122 /* BaseModel */,
				FEEBBF621FF0FE4500CDB40B /* BaseVC */,
			);
			path = Base;
			sourceTree = "<group>";
		};
		FEEBBF411FF0F9F100CDB40B /* Public */ = {
			isa = PBXGroup;
			children = (
				FEEBBF5E1FF0FD5D00CDB40B /* GlobalDefines */,
				FEEBBF571FF0FD3200CDB40B /* HomeHelper */,
				FE5C1D7A1FF32ABA003F0122 /* Net */,
			);
			path = Public;
			sourceTree = "<group>";
		};
		FEEBBF421FF0F9FB00CDB40B /* AppFiles */ = {
			isa = PBXGroup;
			children = (
				FEEBBF2D1FF0F99200CDB40B /* Main.storyboard */,
				FEEBBF321FF0F99200CDB40B /* LaunchScreen.storyboard */,
				FEEBBF351FF0F99200CDB40B /* Info.plist */,
				FEEBBF361FF0F99200CDB40B /* main.m */,
				FEEBBF441FF0FBE100CDB40B /* PrefixHeader.pch */,
			);
			path = AppFiles;
			sourceTree = "<group>";
		};
		FEEBBF431FF0FA0C00CDB40B /* Resources */ = {
			isa = PBXGroup;
			children = (
				FEEBBF301FF0F99200CDB40B /* Assets.xcassets */,
			);
			path = Resources;
			sourceTree = "<group>";
		};
		FEEBBF451FF0FCFB00CDB40B /* Utils */ = {
			isa = PBXGroup;
			children = (
				FE5C1D6C1FF328F1003F0122 /* MineWidget */,
				FE5C1D3B1FF32832003F0122 /* Photo */,
				0DDB405E1FF28B7A005F7777 /* UIKitCategory */,
				FEEBBF461FF0FD0900CDB40B /* Category */,
			);
			path = Utils;
			sourceTree = "<group>";
		};
		FEEBBF461FF0FD0900CDB40B /* Category */ = {
			isa = PBXGroup;
			children = (
				FEEBBF471FF0FD0900CDB40B /* FontColor */,
				FEEBBF4A1FF0FD0900CDB40B /* NSArray+Dlog.h */,
				FEEBBF4B1FF0FD0900CDB40B /* NSArray+Dlog.m */,
				FEEBBF4C1FF0FD0900CDB40B /* UIButton+ImageTitleSpacing.h */,
				FEEBBF4D1FF0FD0900CDB40B /* UIButton+ImageTitleSpacing.m */,
				FEEBBF4E1FF0FD0900CDB40B /* UIImage+fixOrientation.h */,
				FEEBBF4F1FF0FD0900CDB40B /* UIImage+fixOrientation.m */,
				FEEBBF501FF0FD0900CDB40B /* UIView+Extension.h */,
				FEEBBF511FF0FD0900CDB40B /* UIView+Extension.m */,
			);
			path = Category;
			sourceTree = "<group>";
		};
		FEEBBF471FF0FD0900CDB40B /* FontColor */ = {
			isa = PBXGroup;
			children = (
				FEEBBF481FF0FD0900CDB40B /* UIColor+App.h */,
				FEEBBF491FF0FD0900CDB40B /* UIColor+App.m */,
			);
			path = FontColor;
			sourceTree = "<group>";
		};
		FEEBBF571FF0FD3200CDB40B /* HomeHelper */ = {
			isa = PBXGroup;
			children = (
				FEEBBF581FF0FD4500CDB40B /* ToolsHelper.h */,
				FEEBBF591FF0FD4500CDB40B /* ToolsHelper.m */,
				FEEBBF5A1FF0FD4500CDB40B /* UserHelper.h */,
				FEEBBF5B1FF0FD4500CDB40B /* UserHelper.m */,
			);
			path = HomeHelper;
			sourceTree = "<group>";
		};
		FEEBBF5E1FF0FD5D00CDB40B /* GlobalDefines */ = {
			isa = PBXGroup;
			children = (
				FEEBBF601FF0FD5D00CDB40B /* GlobalDefine.h */,
				FEEBBF5F1FF0FD5D00CDB40B /* CommomMaro.h */,
				FEEBBF611FF0FD5D00CDB40B /* NetUrlMacro.h */,
			);
			path = GlobalDefines;
			sourceTree = "<group>";
		};
		FEEBBF621FF0FE4500CDB40B /* BaseVC */ = {
			isa = PBXGroup;
			children = (
				FEEBBF651FF0FE6000CDB40B /* BaseNavigationController.h */,
				FEEBBF671FF0FE6100CDB40B /* BaseNavigationController.m */,
				FEEBBF631FF0FE6000CDB40B /* BaseWebViewController.h */,
				FEEBBF641FF0FE6000CDB40B /* BaseWebViewController.m */,
				0DDB40521FF286AE005F7777 /* BaseTabBarController.h */,
				0DDB40531FF286AE005F7777 /* BaseTabBarController.m */,
			);
			path = BaseVC;
			sourceTree = "<group>";
		};
/* End PBXGroup section */

/* Begin PBXNativeTarget section */
		FEEBBF231FF0F99200CDB40B /* HomeCare */ = {
			isa = PBXNativeTarget;
			buildConfigurationList = FEEBBF3A1FF0F99200CDB40B /* Build configuration list for PBXNativeTarget "HomeCare" */;
			buildPhases = (
				6B2ED1E1B9215355BF76D7A5 /* [CP] Check Pods Manifest.lock */,
				FEEBBF201FF0F99200CDB40B /* Sources */,
				FEEBBF211FF0F99200CDB40B /* Frameworks */,
				FEEBBF221FF0F99200CDB40B /* Resources */,
				1D800D4415E8C5505C7EC523 /* [CP] Embed Pods Frameworks */,
				4A4E3B773F526B6DF17FE0BA /* [CP] Copy Pods Resources */,
			);
			buildRules = (
			);
			dependencies = (
			);
			name = HomeCare;
			productName = HomeCare;
			productReference = FEEBBF241FF0F99200CDB40B /* HomeCare.app */;
			productType = "com.apple.product-type.application";
		};
/* End PBXNativeTarget section */

/* Begin PBXProject section */
		FEEBBF1C1FF0F99200CDB40B /* Project object */ = {
			isa = PBXProject;
			attributes = {
				LastUpgradeCheck = 0910;
				ORGANIZATIONNAME = chh;
				TargetAttributes = {
					FEEBBF231FF0F99200CDB40B = {
						CreatedOnToolsVersion = 9.1;
						ProvisioningStyle = Automatic;
					};
				};
			};
			buildConfigurationList = FEEBBF1F1FF0F99200CDB40B /* Build configuration list for PBXProject "HomeCare" */;
			compatibilityVersion = "Xcode 8.0";
			developmentRegion = en;
			hasScannedForEncodings = 0;
			knownRegions = (
				en,
				Base,
			);
			mainGroup = FEEBBF1B1FF0F99200CDB40B;
			productRefGroup = FEEBBF251FF0F99200CDB40B /* Products */;
			projectDirPath = "";
			projectRoot = "";
			targets = (
				FEEBBF231FF0F99200CDB40B /* HomeCare */,
			);
		};
/* End PBXProject section */

/* Begin PBXResourcesBuildPhase section */
		FEEBBF221FF0F99200CDB40B /* Resources */ = {
			isa = PBXResourcesBuildPhase;
			buildActionMask = 2147483647;
			files = (
				FEEBBF341FF0F99200CDB40B /* LaunchScreen.storyboard in Resources */,
				FE5C1D331FF325DB003F0122 /* LCProgressHUD.bundle in Resources */,
				FE5C1D631FF328A3003F0122 /* TZImagePickerController.bundle in Resources */,
				FEEBBF311FF0F99200CDB40B /* Assets.xcassets in Resources */,
				FEEBBF2F1FF0F99200CDB40B /* Main.storyboard in Resources */,
			);
			runOnlyForDeploymentPostprocessing = 0;
		};
/* End PBXResourcesBuildPhase section */

/* Begin PBXShellScriptBuildPhase section */
		1D800D4415E8C5505C7EC523 /* [CP] Embed Pods Frameworks */ = {
			isa = PBXShellScriptBuildPhase;
			buildActionMask = 2147483647;
			files = (
			);
			inputPaths = (
			);
			name = "[CP] Embed Pods Frameworks";
			outputPaths = (
			);
			runOnlyForDeploymentPostprocessing = 0;
			shellPath = /bin/sh;
			shellScript = "\"${SRCROOT}/Pods/Target Support Files/Pods-HomeCare/Pods-HomeCare-frameworks.sh\"\n";
			showEnvVarsInLog = 0;
		};
		4A4E3B773F526B6DF17FE0BA /* [CP] Copy Pods Resources */ = {
			isa = PBXShellScriptBuildPhase;
			buildActionMask = 2147483647;
			files = (
			);
			inputPaths = (
			);
			name = "[CP] Copy Pods Resources";
			outputPaths = (
			);
			runOnlyForDeploymentPostprocessing = 0;
			shellPath = /bin/sh;
			shellScript = "\"${SRCROOT}/Pods/Target Support Files/Pods-HomeCare/Pods-HomeCare-resources.sh\"\n";
			showEnvVarsInLog = 0;
		};
		6B2ED1E1B9215355BF76D7A5 /* [CP] Check Pods Manifest.lock */ = {
			isa = PBXShellScriptBuildPhase;
			buildActionMask = 2147483647;
			files = (
			);
			inputPaths = (
			);
			name = "[CP] Check Pods Manifest.lock";
			outputPaths = (
			);
			runOnlyForDeploymentPostprocessing = 0;
			shellPath = /bin/sh;
			shellScript = "diff \"${PODS_PODFILE_DIR_PATH}/Podfile.lock\" \"${PODS_ROOT}/Manifest.lock\" > /dev/null\nif [ $? != 0 ] ; then\n    # print error to STDERR\n    echo \"error: The sandbox is not in sync with the Podfile.lock. Run 'pod install' or update your CocoaPods installation.\" >&2\n    exit 1\nfi\n";
			showEnvVarsInLog = 0;
		};
/* End PBXShellScriptBuildPhase section */

/* Begin PBXSourcesBuildPhase section */
		FEEBBF201FF0F99200CDB40B /* Sources */ = {
			isa = PBXSourcesBuildPhase;
			buildActionMask = 2147483647;
			files = (
				FE5C1D5D1FF328A3003F0122 /* NSBundle+TZImagePicker.m in Sources */,
				FEEBBF551FF0FD0900CDB40B /* UIImage+fixOrientation.m in Sources */,
				FE5C1D691FF328A3003F0122 /* TZProgressView.m in Sources */,
				FEEBBF6A1FF0FE6100CDB40B /* BaseNavigationController.m in Sources */,
				FE5C1D761FF328F1003F0122 /* HHAlertController.m in Sources */,
				FE5C1D261FF32311003F0122 /* BaseModel.m in Sources */,
				FE5C1D791FF328F1003F0122 /* SendCodeButton.m in Sources */,
				FEEBBF5D1FF0FD4500CDB40B /* UserHelper.m in Sources */,
				FEEBBF5C1FF0FD4500CDB40B /* ToolsHelper.m in Sources */,
				FE5C1D801FF32CB8003F0122 /* HCConnect.m in Sources */,
				FE5C1D3E1FF32832003F0122 /* PhotoHelper.m in Sources */,
				0DDB405D1FF289F1005F7777 /* LoginViewController.m in Sources */,
				0DDB40641FF28CE6005F7777 /* UIButton+Create.m in Sources */,
				FE5C1D361FF325DB003F0122 /* HHRefreshNormalHeader.m in Sources */,
				FE5C1D771FF328F1003F0122 /* HHPopSelectView.m in Sources */,
				0DDB40541FF286AE005F7777 /* BaseTabBarController.m in Sources */,
				FE5C1D6B1FF328A3003F0122 /* UIView+Layout.m in Sources */,
				FEEBBF371FF0F99200CDB40B /* main.m in Sources */,
				FE5C1D291FF323E4003F0122 /* FieldErrorModel.m in Sources */,
				FE5C1D621FF328A3003F0122 /* TZImageManager.m in Sources */,
				FE5C1D661FF328A3003F0122 /* TZPhotoPickerController.m in Sources */,
				FE5C1D841FF32F2B003F0122 /* BaseTableView.m in Sources */,
				FEEBBF521FF0FD0900CDB40B /* UIColor+App.m in Sources */,
				FE5C1D3A1FF327F5003F0122 /* CNPPopupController.m in Sources */,
				FE5C1D7D1FF32AC8003F0122 /* Connect.m in Sources */,
				FEEBBF561FF0FD0900CDB40B /* UIView+Extension.m in Sources */,
				FEEBBF531FF0FD0900CDB40B /* NSArray+Dlog.m in Sources */,
				FE5C1D351FF325DB003F0122 /* HHRefreshNormalFooter.m in Sources */,
				FE5C1D641FF328A3003F0122 /* TZImagePickerController.m in Sources */,
				FE5C1D681FF328A3003F0122 /* TZPhotoPreviewController.m in Sources */,
				FE5C1D5F1FF328A3003F0122 /* TZAssetModel.m in Sources */,
				FE5C1D611FF328A3003F0122 /* TZImageCropManager.m in Sources */,
				FEEBBF541FF0FD0900CDB40B /* UIButton+ImageTitleSpacing.m in Sources */,
				FE5C1D6A1FF328A3003F0122 /* TZVideoPlayerController.m in Sources */,
				FE5C1D671FF328A3003F0122 /* TZPhotoPreviewCell.m in Sources */,
				0DDB40611FF28B98005F7777 /* UILabel+Create.m in Sources */,
				FEEBBF691FF0FE6100CDB40B /* BaseWebViewController.m in Sources */,
				FE5C1D5E1FF328A3003F0122 /* TZAssetCell.m in Sources */,
				FEEBBF291FF0F99200CDB40B /* AppDelegate.m in Sources */,
				FE5C1D341FF325DB003F0122 /* LCProgressHUD.m in Sources */,
				0DDB40581FF28766005F7777 /* HomeViewController.m in Sources */,
				FE5C1D601FF328A3003F0122 /* TZGifPhotoPreviewController.m in Sources */,
				FE5C1D651FF328A3003F0122 /* TZLocationManager.m in Sources */,
			);
			runOnlyForDeploymentPostprocessing = 0;
		};
/* End PBXSourcesBuildPhase section */

/* Begin PBXVariantGroup section */
		FEEBBF2D1FF0F99200CDB40B /* Main.storyboard */ = {
			isa = PBXVariantGroup;
			children = (
				FEEBBF2E1FF0F99200CDB40B /* Base */,
			);
			name = Main.storyboard;
			sourceTree = "<group>";
		};
		FEEBBF321FF0F99200CDB40B /* LaunchScreen.storyboard */ = {
			isa = PBXVariantGroup;
			children = (
				FEEBBF331FF0F99200CDB40B /* Base */,
			);
			name = LaunchScreen.storyboard;
			sourceTree = "<group>";
		};
/* End PBXVariantGroup section */

/* Begin XCBuildConfiguration section */
		FEEBBF381FF0F99200CDB40B /* Debug */ = {
			isa = XCBuildConfiguration;
			buildSettings = {
				ALWAYS_SEARCH_USER_PATHS = NO;
				CLANG_ANALYZER_NONNULL = YES;
				CLANG_ANALYZER_NUMBER_OBJECT_CONVERSION = YES_AGGRESSIVE;
				CLANG_CXX_LANGUAGE_STANDARD = "gnu++14";
				CLANG_CXX_LIBRARY = "libc++";
				CLANG_ENABLE_MODULES = YES;
				CLANG_ENABLE_OBJC_ARC = YES;
				CLANG_WARN_BLOCK_CAPTURE_AUTORELEASING = YES;
				CLANG_WARN_BOOL_CONVERSION = YES;
				CLANG_WARN_COMMA = YES;
				CLANG_WARN_CONSTANT_CONVERSION = YES;
				CLANG_WARN_DIRECT_OBJC_ISA_USAGE = YES_ERROR;
				CLANG_WARN_DOCUMENTATION_COMMENTS = YES;
				CLANG_WARN_EMPTY_BODY = YES;
				CLANG_WARN_ENUM_CONVERSION = YES;
				CLANG_WARN_INFINITE_RECURSION = YES;
				CLANG_WARN_INT_CONVERSION = YES;
				CLANG_WARN_NON_LITERAL_NULL_CONVERSION = YES;
				CLANG_WARN_OBJC_LITERAL_CONVERSION = YES;
				CLANG_WARN_OBJC_ROOT_CLASS = YES_ERROR;
				CLANG_WARN_RANGE_LOOP_ANALYSIS = YES;
				CLANG_WARN_STRICT_PROTOTYPES = YES;
				CLANG_WARN_SUSPICIOUS_MOVE = YES;
				CLANG_WARN_UNGUARDED_AVAILABILITY = YES_AGGRESSIVE;
				CLANG_WARN_UNREACHABLE_CODE = YES;
				CLANG_WARN__DUPLICATE_METHOD_MATCH = YES;
				CODE_SIGN_IDENTITY = "iPhone Developer";
				COPY_PHASE_STRIP = NO;
				DEBUG_INFORMATION_FORMAT = dwarf;
				ENABLE_STRICT_OBJC_MSGSEND = YES;
				ENABLE_TESTABILITY = YES;
				GCC_C_LANGUAGE_STANDARD = gnu11;
				GCC_DYNAMIC_NO_PIC = NO;
				GCC_NO_COMMON_BLOCKS = YES;
				GCC_OPTIMIZATION_LEVEL = 0;
				GCC_PREPROCESSOR_DEFINITIONS = (
					"DEBUG=1",
					"$(inherited)",
				);
				GCC_WARN_64_TO_32_BIT_CONVERSION = YES;
				GCC_WARN_ABOUT_RETURN_TYPE = YES_ERROR;
				GCC_WARN_UNDECLARED_SELECTOR = YES;
				GCC_WARN_UNINITIALIZED_AUTOS = YES_AGGRESSIVE;
				GCC_WARN_UNUSED_FUNCTION = YES;
				GCC_WARN_UNUSED_VARIABLE = YES;
				IPHONEOS_DEPLOYMENT_TARGET = 9.0;
				MTL_ENABLE_DEBUG_INFO = YES;
				ONLY_ACTIVE_ARCH = YES;
				SDKROOT = iphoneos;
			};
			name = Debug;
		};
		FEEBBF391FF0F99200CDB40B /* Release */ = {
			isa = XCBuildConfiguration;
			buildSettings = {
				ALWAYS_SEARCH_USER_PATHS = NO;
				CLANG_ANALYZER_NONNULL = YES;
				CLANG_ANALYZER_NUMBER_OBJECT_CONVERSION = YES_AGGRESSIVE;
				CLANG_CXX_LANGUAGE_STANDARD = "gnu++14";
				CLANG_CXX_LIBRARY = "libc++";
				CLANG_ENABLE_MODULES = YES;
				CLANG_ENABLE_OBJC_ARC = YES;
				CLANG_WARN_BLOCK_CAPTURE_AUTORELEASING = YES;
				CLANG_WARN_BOOL_CONVERSION = YES;
				CLANG_WARN_COMMA = YES;
				CLANG_WARN_CONSTANT_CONVERSION = YES;
				CLANG_WARN_DIRECT_OBJC_ISA_USAGE = YES_ERROR;
				CLANG_WARN_DOCUMENTATION_COMMENTS = YES;
				CLANG_WARN_EMPTY_BODY = YES;
				CLANG_WARN_ENUM_CONVERSION = YES;
				CLANG_WARN_INFINITE_RECURSION = YES;
				CLANG_WARN_INT_CONVERSION = YES;
				CLANG_WARN_NON_LITERAL_NULL_CONVERSION = YES;
				CLANG_WARN_OBJC_LITERAL_CONVERSION = YES;
				CLANG_WARN_OBJC_ROOT_CLASS = YES_ERROR;
				CLANG_WARN_RANGE_LOOP_ANALYSIS = YES;
				CLANG_WARN_STRICT_PROTOTYPES = YES;
				CLANG_WARN_SUSPICIOUS_MOVE = YES;
				CLANG_WARN_UNGUARDED_AVAILABILITY = YES_AGGRESSIVE;
				CLANG_WARN_UNREACHABLE_CODE = YES;
				CLANG_WARN__DUPLICATE_METHOD_MATCH = YES;
				CODE_SIGN_IDENTITY = "iPhone Developer";
				COPY_PHASE_STRIP = NO;
				DEBUG_INFORMATION_FORMAT = "dwarf-with-dsym";
				ENABLE_NS_ASSERTIONS = NO;
				ENABLE_STRICT_OBJC_MSGSEND = YES;
				GCC_C_LANGUAGE_STANDARD = gnu11;
				GCC_NO_COMMON_BLOCKS = YES;
				GCC_WARN_64_TO_32_BIT_CONVERSION = YES;
				GCC_WARN_ABOUT_RETURN_TYPE = YES_ERROR;
				GCC_WARN_UNDECLARED_SELECTOR = YES;
				GCC_WARN_UNINITIALIZED_AUTOS = YES_AGGRESSIVE;
				GCC_WARN_UNUSED_FUNCTION = YES;
				GCC_WARN_UNUSED_VARIABLE = YES;
				IPHONEOS_DEPLOYMENT_TARGET = 9.0;
				MTL_ENABLE_DEBUG_INFO = NO;
				SDKROOT = iphoneos;
				VALIDATE_PRODUCT = YES;
			};
			name = Release;
		};
		FEEBBF3B1FF0F99200CDB40B /* Debug */ = {
			isa = XCBuildConfiguration;
			baseConfigurationReference = 4F19C2D54C000490F359452A /* Pods-HomeCare.debug.xcconfig */;
			buildSettings = {
				ASSETCATALOG_COMPILER_APPICON_NAME = AppIcon;
				CODE_SIGN_STYLE = Automatic;
				DEVELOPMENT_TEAM = 2M227336GQ;
				GCC_PREFIX_HEADER = "$(SRCROOT)/HomeCare/AppFiles/PrefixHeader.pch";
				INFOPLIST_FILE = "$(SRCROOT)/HomeCare/AppFiles/Info.plist";
				LD_RUNPATH_SEARCH_PATHS = "$(inherited) @executable_path/Frameworks";
				PRODUCT_BUNDLE_IDENTIFIER = com.rs.HomeCare;
				PRODUCT_NAME = "$(TARGET_NAME)";
				TARGETED_DEVICE_FAMILY = "1,2";
			};
			name = Debug;
		};
		FEEBBF3C1FF0F99200CDB40B /* Release */ = {
			isa = XCBuildConfiguration;
			baseConfigurationReference = 884AE2D7150F8B0A386660D4 /* Pods-HomeCare.release.xcconfig */;
			buildSettings = {
				ASSETCATALOG_COMPILER_APPICON_NAME = AppIcon;
				CODE_SIGN_STYLE = Automatic;
				DEVELOPMENT_TEAM = 2M227336GQ;
				GCC_PREFIX_HEADER = "$(SRCROOT)/HomeCare/AppFiles/PrefixHeader.pch";
				INFOPLIST_FILE = "$(SRCROOT)/HomeCare/AppFiles/Info.plist";
				LD_RUNPATH_SEARCH_PATHS = "$(inherited) @executable_path/Frameworks";
				PRODUCT_BUNDLE_IDENTIFIER = com.rs.HomeCare;
				PRODUCT_NAME = "$(TARGET_NAME)";
				TARGETED_DEVICE_FAMILY = "1,2";
			};
			name = Release;
		};
/* End XCBuildConfiguration section */

/* Begin XCConfigurationList section */
		FEEBBF1F1FF0F99200CDB40B /* Build configuration list for PBXProject "HomeCare" */ = {
			isa = XCConfigurationList;
			buildConfigurations = (
				FEEBBF381FF0F99200CDB40B /* Debug */,
				FEEBBF391FF0F99200CDB40B /* Release */,
			);
			defaultConfigurationIsVisible = 0;
			defaultConfigurationName = Release;
		};
		FEEBBF3A1FF0F99200CDB40B /* Build configuration list for PBXNativeTarget "HomeCare" */ = {
			isa = XCConfigurationList;
			buildConfigurations = (
				FEEBBF3B1FF0F99200CDB40B /* Debug */,
				FEEBBF3C1FF0F99200CDB40B /* Release */,
			);
			defaultConfigurationIsVisible = 0;
			defaultConfigurationName = Release;
		};
/* End XCConfigurationList section */
	};
	rootObject = FEEBBF1C1FF0F99200CDB40B /* Project object */;
}
